
Microsoft Visual Studio Solution File, Format Version 12.00
# Visual Studio Version 17
VisualStudioVersion = 17.6.33829.357
MinimumVisualStudioVersion = 10.0.40219.1
Project("{FAE04EC0-301F-11D3-BF4B-00C04F79EFBC}") = "Tut_6", "Tut_6\Tut_6.csproj", "{0FE659F9-A75A-4F9A-9482-201646C129AE}"
EndProject
Global
	GlobalSection(SolutionConfigurationPlatforms) = preSolution
		Debug|Any CPU = Debug|Any CPU
		Release|Any CPU = Release|Any CPU
	EndGlobalSection
	GlobalSection(ProjectConfigurationPlatforms) = postSolution
		{0FE659F9-A75A-4F9A-9482-201646C129AE}.Debug|Any CPU.ActiveCfg = Debug|Any CPU
		{0FE659F9-A75A-4F9A-9482-201646C129AE}.Debug|Any CPU.Build.0 = Debug|Any CPU
		{0FE659F9-A75A-4F9A-9482-201646C129AE}.Release|Any CPU.ActiveCfg = Release|Any CPU
		{0FE659F9-A75A-4F9A-9482-201646C129AE}.Release|Any CPU.Build.0 = Release|Any CPU
	EndGlobalSection
	GlobalSection(SolutionProperties) = preSolution
		HideSolutionNode = FALSE
	EndGlobalSection
	GlobalSection(ExtensibilityGlobals) = postSolution
		SolutionGuid = {9D2122A5-27DF-4069-B048-C286CEE58E9C}
	EndGlobalSection
EndGlobal
